Microsoft Visual Studio Solution File, Format Version 12.00
# Visual Studio Version 17
VisualStudioVersion = 17.0.31903.59
MinimumVisualStudioVersion = 10.0.40219.1
Project("{9A19103F-16F7-4668-BE54-9A1E7A4F7556}") = "Forge.Core", "src\Forge.Core\Forge.Core.csproj", "{D312D8DD-0116-4F35-AC3E-7C69973C8C90}"
EndProject
Project("{9A19103F-16F7-4668-BE54-9A1E7A4F7556}") = "Forge.Core.Tests", "tests\Forge.Core.Tests\Forge.Core.Tests.csproj", "{B8DB0B97-850F-4F56-95DC-E6EF70493B68}"
EndProject
Global
	GlobalSection(SolutionConfigurationPlatforms) = preSolution
		Debug|Any CPU = Debug|Any CPU
		Release|Any CPU = Release|Any CPU
	EndGlobalSection
	GlobalSection(ProjectConfigurationPlatforms) = postSolution
		{D312D8DD-0116-4F35-AC3E-7C69973C8C90}.Debug|Any CPU.ActiveCfg = Debug|Any CPU
		{D312D8DD-0116-4F35-AC3E-7C69973C8C90}.Debug|Any CPU.Build.0 = Debug|Any CPU
		{D312D8DD-0116-4F35-AC3E-7C69973C8C90}.Release|Any CPU.ActiveCfg = Release|Any CPU
		{D312D8DD-0116-4F35-AC3E-7C69973C8C90}.Release|Any CPU.Build.0 = Release|Any CPU
		{B8DB0B97-850F-4F56-95DC-E6EF70493B68}.Debug|Any CPU.ActiveCfg = Debug|Any CPU
		{B8DB0B97-850F-4F56-95DC-E6EF70493B68}.Debug|Any CPU.Build.0 = Debug|Any CPU
		{B8DB0B97-850F-4F56-95DC-E6EF70493B68}.Release|Any CPU.ActiveCfg = Release|Any CPU
		{B8DB0B97-850F-4F56-95DC-E6EF70493B68}.Release|Any CPU.Build.0 = Release|Any CPU
	EndGlobalSection
	GlobalSection(SolutionProperties) = preSolution
		HideSolutionNode = FALSE
	EndGlobalSection
EndGlobal

