# This file is automatically @generated by Cargo.
# It is not intended for manual editing.
version = 4

[[package]]
name = "terrane-cli"
version = "0.1.0"
dependencies = [
 "terrane-core",
]

[[package]]
name = "terrane-core"
version = "0.1.0"
dependencies = [
 "terrane-domain",
]

[[package]]
name = "terrane-domain"
version = "0.1.0"
